{
  "name": "miniprogram-ts-less-quickstart",
  "version": "1.0.0",
  "lockfileVersion": 2,
  "requires": true,
  "packages": {
    "": {
      "name": "miniprogram-ts-less-quickstart",
      "version": "1.0.0",
      "dependencies": {
        "dayjs": "^1.9.3"
      },
      "devDependencies": {
        "miniprogram-api-typings": "^3.5.0"
      }
    },
    "node_modules/dayjs": {
      "version": "1.11.5",
      "resolved": "https://registry.npmjs.org/dayjs/-/dayjs-1.11.5.tgz",
      "integrity": "sha512-CAdX5Q3YW3Gclyo5Vpqkgpj8fSdLQcRuzfX6mC6Phy0nfJ0eGYOeS7m4mt2plDWLAtA4TqTakvbboHvUxfe4iA=="
    },
    "node_modules/miniprogram-api-typings": {
      "version": "3.5.0",
      "resolved": "https://registry.npmjs.org/miniprogram-api-typings/-/miniprogram-api-typings-3.5.0.tgz",
      "integrity": "sha512-cS/uXJTMGKujwoaeEFFFKqpCf7qp3R7iuQZWagZAwhKA3Z7U/xlhOcI3i1wqN+uo4YODg3AG1j2zCe1PDa9Wtg==",
      "dev": true
    }
  },
  "dependencies": {
    "dayjs": {
      "version": "1.11.5",
      "resolved": "https://registry.npmjs.org/dayjs/-/dayjs-1.11.5.tgz",
      "integrity": "sha512-CAdX5Q3YW3Gclyo5Vpqkgpj8fSdLQcRuzfX6mC6Phy0nfJ0eGYOeS7m4mt2plDWLAtA4TqTakvbboHvUxfe4iA=="
    },
    "miniprogram-api-typings": {
      "version": "3.5.0",
      "resolved": "https://registry.npmjs.org/miniprogram-api-typings/-/miniprogram-api-typings-3.5.0.tgz",
      "integrity": "sha512-cS/uXJTMGKujwoaeEFFFKqpCf7qp3R7iuQZWagZAwhKA3Z7U/xlhOcI3i1wqN+uo4YODg3AG1j2zCe1PDa9Wtg==",
      "dev": true
    }
  }
}
